
Microsoft Visual Studio Solution File, Format Version 12.00
# Visual Studio Version 17
VisualStudioVersion = 17.8.34322.80
MinimumVisualStudioVersion = 10.0.40219.1
Project("{FAE04EC0-301F-11D3-BF4B-00C04F79EFBC}") = "E_commerceWeb", "E_commerceWeb\E_commerceWeb.csproj", "{F83503BC-8CE9-4192-8062-CEB44FB231AE}"
EndProject
Global
	GlobalSection(SolutionConfigurationPlatforms) = preSolution
		Debug|Any CPU = Debug|Any CPU
		Release|Any CPU = Release|Any CPU
	EndGlobalSection
	GlobalSection(ProjectConfigurationPlatforms) = postSolution
		{F83503BC-8CE9-4192-8062-CEB44FB231AE}.Debug|Any CPU.ActiveCfg = Debug|Any CPU
		{F83503BC-8CE9-4192-8062-CEB44FB231AE}.Debug|Any CPU.Build.0 = Debug|Any CPU
		{F83503BC-8CE9-4192-8062-CEB44FB231AE}.Release|Any CPU.ActiveCfg = Release|Any CPU
		{F83503BC-8CE9-4192-8062-CEB44FB231AE}.Release|Any CPU.Build.0 = Release|Any CPU
	EndGlobalSection
	GlobalSection(SolutionProperties) = preSolution
		HideSolutionNode = FALSE
	EndGlobalSection
	GlobalSection(ExtensibilityGlobals) = postSolution
		SolutionGuid = {9C601061-E220-45D8-9487-C6CF6C63150F}
	EndGlobalSection
EndGlobal
